
Microsoft Visual Studio Solution File, Format Version 12.00
# Visual Studio Version 17
VisualStudioVersion = 17.9.34723.18
MinimumVisualStudioVersion = 10.0.40219.1
Project("{9A19103F-16F7-4668-BE54-9A1E7A4F7556}") = "HyperOptimizedTelemetry", "HyperOptimizedTelemetry.csproj", "{87233C2D-D0C2-4C0B-855F-1D7472AEE2DB}"
EndProject
Global
	GlobalSection(SolutionConfigurationPlatforms) = preSolution
		Debug|Any CPU = Debug|Any CPU
		Release|Any CPU = Release|Any CPU
	EndGlobalSection
	GlobalSection(ProjectConfigurationPlatforms) = postSolution
		{87233C2D-D0C2-4C0B-855F-1D7472AEE2DB}.Debug|Any CPU.ActiveCfg = Debug|Any CPU
		{87233C2D-D0C2-4C0B-855F-1D7472AEE2DB}.Debug|Any CPU.Build.0 = Debug|Any CPU
		{87233C2D-D0C2-4C0B-855F-1D7472AEE2DB}.Release|Any CPU.ActiveCfg = Release|Any CPU
		{87233C2D-D0C2-4C0B-855F-1D7472AEE2DB}.Release|Any CPU.Build.0 = Release|Any CPU
	EndGlobalSection
	GlobalSection(SolutionProperties) = preSolution
		HideSolutionNode = FALSE
	EndGlobalSection
	GlobalSection(ExtensibilityGlobals) = postSolution
		SolutionGuid = {B781BF33-2ED6-4891-BF35-1DBD2B6AD66C}
	EndGlobalSection
EndGlobal
